// !$*UTF8*$!
{
	archiveVersion = 1;
	classes = {
	};
	objectVersion = 50;
	objects = {

/* Begin PBXBuildFile section */
		3C6D76BF22EA847E00338047 /* NetworkManagerTests.swift in Sources */ = {isa = PBXBuildFile; fileRef = 3C6D76BE22EA847E00338047 /* NetworkManagerTests.swift */; };
		3C6D76C222EA84D300338047 /* URLSessionMock.swift in Sources */ = {isa = PBXBuildFile; fileRef = 3C6D76C122EA84D300338047 /* URLSessionMock.swift */; };
		3C6D76C622EA85ED00338047 /* Utilities.swift in Sources */ = {isa = PBXBuildFile; fileRef = 3C6D76C522EA85ED00338047 /* Utilities.swift */; };
		3C6D76C822EA86EB00338047 /* StubResponses.plist in Resources */ = {isa = PBXBuildFile; fileRef = 3C6D76C722EA86EB00338047 /* StubResponses.plist */; };
		3C6D76CA22EAA62800338047 /* PersistentStorageManager.swift in Sources */ = {isa = PBXBuildFile; fileRef = 3C6D76C922EAA62800338047 /* PersistentStorageManager.swift */; };
		3C6D76CC22EAB10D00338047 /* PersistentStorageManagerTests.swift in Sources */ = {isa = PBXBuildFile; fileRef = 3C6D76CB22EAB10D00338047 /* PersistentStorageManagerTests.swift */; };
		3C6D76CE22EAB12E00338047 /* UserDefaultsMock.swift in Sources */ = {isa = PBXBuildFile; fileRef = 3C6D76CD22EAB12E00338047 /* UserDefaultsMock.swift */; };
		3C6D76D222EAE85F00338047 /* HomeInteractor.swift in Sources */ = {isa = PBXBuildFile; fileRef = 3C6D76D122EAE85F00338047 /* HomeInteractor.swift */; };
		3C6D76D522EAE95900338047 /* HomeApiService.swift in Sources */ = {isa = PBXBuildFile; fileRef = 3C6D76D422EAE95900338047 /* HomeApiService.swift */; };
		410FB37122EB56F000D2FC7E /* JSONDecoderMock.swift in Sources */ = {isa = PBXBuildFile; fileRef = 410FB37022EB56F000D2FC7E /* JSONDecoderMock.swift */; };
		4120187922E9D12C00A25656 /* AppDelegate.swift in Sources */ = {isa = PBXBuildFile; fileRef = 4120187822E9D12C00A25656 /* AppDelegate.swift */; };
		4120187B22E9D12C00A25656 /* HomeViewController.swift in Sources */ = {isa = PBXBuildFile; fileRef = 4120187A22E9D12C00A25656 /* HomeViewController.swift */; };
		4120188022E9D12E00A25656 /* Assets.xcassets in Resources */ = {isa = PBXBuildFile; fileRef = 4120187F22E9D12E00A25656 /* Assets.xcassets */; };
		4120188322E9D12E00A25656 /* LaunchScreen.storyboard in Resources */ = {isa = PBXBuildFile; fileRef = 4120188122E9D12E00A25656 /* LaunchScreen.storyboard */; };
		4150F11222EB5DF70003DFD7 /* Bundle+Keypath.swift in Sources */ = {isa = PBXBuildFile; fileRef = 4150F11122EB5DF70003DFD7 /* Bundle+Keypath.swift */; };
		4150F11422EB5F9B0003DFD7 /* ConfigValueVerification.swift in Sources */ = {isa = PBXBuildFile; fileRef = 4150F11322EB5F9B0003DFD7 /* ConfigValueVerification.swift */; };
		4150F11822EBDB730003DFD7 /* HomeEntity.swift in Sources */ = {isa = PBXBuildFile; fileRef = 4150F11722EBDB730003DFD7 /* HomeEntity.swift */; };
		4174992122EC121700141875 /* HomePresenterTests.swift in Sources */ = {isa = PBXBuildFile; fileRef = 4174992022EC121700141875 /* HomePresenterTests.swift */; };
		4174992322EC122500141875 /* HomeRouter.swift in Sources */ = {isa = PBXBuildFile; fileRef = 4174992222EC122500141875 /* HomeRouter.swift */; };
		4174992522EC265400141875 /* HomeViewTests.swift in Sources */ = {isa = PBXBuildFile; fileRef = 4174992422EC265400141875 /* HomeViewTests.swift */; };
		4179D5B622EBE48000C5D89E /* HomeApiServiceTests.swift in Sources */ = {isa = PBXBuildFile; fileRef = 4179D5B522EBE48000C5D89E /* HomeApiServiceTests.swift */; };
		4179D5B822EBE4B700C5D89E /* SearchApiRequestMock.swift in Sources */ = {isa = PBXBuildFile; fileRef = 4179D5B722EBE4B700C5D89E /* SearchApiRequestMock.swift */; };
		4179D5BA22EBEECC00C5D89E /* HomePersistentStorageService.swift in Sources */ = {isa = PBXBuildFile; fileRef = 4179D5B922EBEECC00C5D89E /* HomePersistentStorageService.swift */; };
		4179D5BC22EBF11100C5D89E /* HomePersistentStorageServiceTests.swift in Sources */ = {isa = PBXBuildFile; fileRef = 4179D5BB22EBF11100C5D89E /* HomePersistentStorageServiceTests.swift */; };
		4179D5BE22EBF17000C5D89E /* PersistentStorageManagerMock.swift in Sources */ = {isa = PBXBuildFile; fileRef = 4179D5BD22EBF17000C5D89E /* PersistentStorageManagerMock.swift */; };
		4179F7DE22EBF97D004A3B85 /* HomePresenter.swift in Sources */ = {isa = PBXBuildFile; fileRef = 4179F7DD22EBF97D004A3B85 /* HomePresenter.swift */; };
		4187B40522E9EEBA003FEB6E /* NetworkManager.swift in Sources */ = {isa = PBXBuildFile; fileRef = 4187B40422E9EEBA003FEB6E /* NetworkManager.swift */; };
		418CF30A22EBFDAE00B4B710 /* HomeInteractorTests.swift in Sources */ = {isa = PBXBuildFile; fileRef = 418CF30922EBFDAE00B4B710 /* HomeInteractorTests.swift */; };
		41907C4122EC60A000CEED11 /* WeatherApiRequest.swift in Sources */ = {isa = PBXBuildFile; fileRef = 41907C4022EC60A000CEED11 /* WeatherApiRequest.swift */; };
		41907C4322EC672700CEED11 /* WeatherApiRequestTests.swift in Sources */ = {isa = PBXBuildFile; fileRef = 41907C4222EC672700CEED11 /* WeatherApiRequestTests.swift */; };
		41907C4922EC695F00CEED11 /* DetailApiService.swift in Sources */ = {isa = PBXBuildFile; fileRef = 41907C4822EC695F00CEED11 /* DetailApiService.swift */; };
		41907C4B22EC696E00CEED11 /* DetailPersistentStorageService.swift in Sources */ = {isa = PBXBuildFile; fileRef = 41907C4A22EC696E00CEED11 /* DetailPersistentStorageService.swift */; };
		41907C4D22EC69A000CEED11 /* DetailEntity.swift in Sources */ = {isa = PBXBuildFile; fileRef = 41907C4C22EC69A000CEED11 /* DetailEntity.swift */; };
		41907C5122EC6B8E00CEED11 /* DetailApiServiceTests.swift in Sources */ = {isa = PBXBuildFile; fileRef = 41907C5022EC6B8E00CEED11 /* DetailApiServiceTests.swift */; };
		41907C5322EC6B9E00CEED11 /* DetailPersistentStorageServiceTests.swift in Sources */ = {isa = PBXBuildFile; fileRef = 41907C5222EC6B9E00CEED11 /* DetailPersistentStorageServiceTests.swift */; };
		41907C5522EC6BBB00CEED11 /* WeatherApiServiceMock.swift in Sources */ = {isa = PBXBuildFile; fileRef = 41907C5422EC6BBB00CEED11 /* WeatherApiServiceMock.swift */; };
		41907C5722EC6EBA00CEED11 /* DetailInteractor.swift in Sources */ = {isa = PBXBuildFile; fileRef = 41907C5622EC6EBA00CEED11 /* DetailInteractor.swift */; };
		41907C5922EC6FB300CEED11 /* DetailPresenter.swift in Sources */ = {isa = PBXBuildFile; fileRef = 41907C5822EC6FB300CEED11 /* DetailPresenter.swift */; };
		41907C5B22EC706800CEED11 /* DetailInteractorTests.swift in Sources */ = {isa = PBXBuildFile; fileRef = 41907C5A22EC706800CEED11 /* DetailInteractorTests.swift */; };
		41907C5D22EC73B500CEED11 /* DetailViewController.swift in Sources */ = {isa = PBXBuildFile; fileRef = 41907C5C22EC73B500CEED11 /* DetailViewController.swift */; };
		41907C5F22EC74DE00CEED11 /* ThumbnailDownloader.swift in Sources */ = {isa = PBXBuildFile; fileRef = 41907C5E22EC74DE00CEED11 /* ThumbnailDownloader.swift */; };
		41907C6122EC751C00CEED11 /* ThumbnailDownloaderTests.swift in Sources */ = {isa = PBXBuildFile; fileRef = 41907C6022EC751C00CEED11 /* ThumbnailDownloaderTests.swift */; };
		41907C6322EC755300CEED11 /* thumbnailtest.jpg in Resources */ = {isa = PBXBuildFile; fileRef = 41907C6222EC755300CEED11 /* thumbnailtest.jpg */; };
		41907C6522EC791B00CEED11 /* ThumbnailDownloaderMock.swift in Sources */ = {isa = PBXBuildFile; fileRef = 41907C6422EC791B00CEED11 /* ThumbnailDownloaderMock.swift */; };
		41907C6722EC7E8B00CEED11 /* DetailPresenterTests.swift in Sources */ = {isa = PBXBuildFile; fileRef = 41907C6622EC7E8B00CEED11 /* DetailPresenterTests.swift */; };
		41907C6B22EC81F500CEED11 /* DetailViewController.xib in Resources */ = {isa = PBXBuildFile; fileRef = 41907C6A22EC81F500CEED11 /* DetailViewController.xib */; };
		41907C6D22EC86B900CEED11 /* DetailViewTests.swift in Sources */ = {isa = PBXBuildFile; fileRef = 41907C6C22EC86B900CEED11 /* DetailViewTests.swift */; };
		41907C6F22EC880000CEED11 /* DetailRouter.swift in Sources */ = {isa = PBXBuildFile; fileRef = 41907C6E22EC880000CEED11 /* DetailRouter.swift */; };
		41907C7122EC943300CEED11 /* HomeRouterTests.swift in Sources */ = {isa = PBXBuildFile; fileRef = 41907C7022EC943300CEED11 /* HomeRouterTests.swift */; };
		41907C7322EC948200CEED11 /* UINavigationControllerMock.swift in Sources */ = {isa = PBXBuildFile; fileRef = 41907C7222EC948200CEED11 /* UINavigationControllerMock.swift */; };
		41907C7522EC948E00CEED11 /* UIViewControllerMock.swift in Sources */ = {isa = PBXBuildFile; fileRef = 41907C7422EC948E00CEED11 /* UIViewControllerMock.swift */; };
		41907C7722ECA11100CEED11 /* CaseTests.swift in Sources */ = {isa = PBXBuildFile; fileRef = 41907C7622ECA11100CEED11 /* CaseTests.swift */; };
		41907C7F22ECAFCF00CEED11 /* Utilities.swift in Sources */ = {isa = PBXBuildFile; fileRef = 41907C7C22ECA41000CEED11 /* Utilities.swift */; };
		41907C8022ECAFD300CEED11 /* StubResponses.plist in Resources */ = {isa = PBXBuildFile; fileRef = 41907C7922ECA35600CEED11 /* StubResponses.plist */; };
		41A1DA6822ECBF02005FFE16 /* ApiErrors.swift in Sources */ = {isa = PBXBuildFile; fileRef = 41A1DA6722ECBF02005FFE16 /* ApiErrors.swift */; };
		41A1DA6A22ECBF67005FFE16 /* Protocols.swift in Sources */ = {isa = PBXBuildFile; fileRef = 41A1DA6922ECBF67005FFE16 /* Protocols.swift */; };
		41DB65E122EB286C007A2F09 /* ApiEndpoints.swift in Sources */ = {isa = PBXBuildFile; fileRef = 41DB65E022EB286C007A2F09 /* ApiEndpoints.swift */; };
		41DB65E322EB3429007A2F09 /* Config.plist in Resources */ = {isa = PBXBuildFile; fileRef = 41DB65E222EB3429007A2F09 /* Config.plist */; };
		41DB65E622EB40C3007A2F09 /* UrlVerification.swift in Sources */ = {isa = PBXBuildFile; fileRef = 41DB65E522EB40C3007A2F09 /* UrlVerification.swift */; };
		41DB65E822EB4255007A2F09 /* SearchApiRequest.swift in Sources */ = {isa = PBXBuildFile; fileRef = 41DB65E722EB4255007A2F09 /* SearchApiRequest.swift */; };
		41DB65EB22EB54BA007A2F09 /* SearchApiRequestTest.swift in Sources */ = {isa = PBXBuildFile; fileRef = 41DB65EA22EB54BA007A2F09 /* SearchApiRequestTest.swift */; };
		41DB65ED22EB550B007A2F09 /* NetworkManagerMock.swift in Sources */ = {isa = PBXBuildFile; fileRef = 41DB65EC22EB550B007A2F09 /* NetworkManagerMock.swift */; };
/* End PBXBuildFile section */

/* Begin PBXContainerItemProxy section */
		4120188A22E9D12F00A25656 /* PBXContainerItemProxy */ = {
			isa = PBXContainerItemProxy;
			containerPortal = 4120186D22E9D12C00A25656 /* Project object */;
			proxyType = 1;
			remoteGlobalIDString = 4120187422E9D12C00A25656;
			remoteInfo = Weather;
		};
		4120189522E9D12F00A25656 /* PBXContainerItemProxy */ = {
			isa = PBXContainerItemProxy;
			containerPortal = 4120186D22E9D12C00A25656 /* Project object */;
			proxyType = 1;
			remoteGlobalIDString = 4120187422E9D12C00A25656;
			remoteInfo = Weather;
		};
/* End PBXContainerItemProxy section */

/* Begin PBXFileReference section */
		3C6D76BE22EA847E00338047 /* NetworkManagerTests.swift */ = {isa = PBXFileReference; lastKnownFileType = sourcecode.swift; path = NetworkManagerTests.swift; sourceTree = "<group>"; };
		3C6D76C122EA84D300338047 /* URLSessionMock.swift */ = {isa = PBXFileReference; lastKnownFileType = sourcecode.swift; name = URLSessionMock.swift; path = WeatherTests/URLSessionMock.swift; sourceTree = SOURCE_ROOT; };
		3C6D76C522EA85ED00338047 /* Utilities.swift */ = {isa = PBXFileReference; lastKnownFileType = sourcecode.swift; path = Utilities.swift; sourceTree = "<group>"; };
		3C6D76C722EA86EB00338047 /* StubResponses.plist */ = {isa = PBXFileReference; lastKnownFileType = text.plist.xml; path = StubResponses.plist; sourceTree = "<group>"; };
		3C6D76C922EAA62800338047 /* PersistentStorageManager.swift */ = {isa = PBXFileReference; lastKnownFileType = sourcecode.swift; path = PersistentStorageManager.swift; sourceTree = "<group>"; };
		3C6D76CB22EAB10D00338047 /* PersistentStorageManagerTests.swift */ = {isa = PBXFileReference; lastKnownFileType = sourcecode.swift; path = PersistentStorageManagerTests.swift; sourceTree = "<group>"; };
		3C6D76CD22EAB12E00338047 /* UserDefaultsMock.swift */ = {isa = PBXFileReference; lastKnownFileType = sourcecode.swift; path = UserDefaultsMock.swift; sourceTree = "<group>"; };
		3C6D76D122EAE85F00338047 /* HomeInteractor.swift */ = {isa = PBXFileReference; lastKnownFileType = sourcecode.swift; path = HomeInteractor.swift; sourceTree = "<group>"; };
		3C6D76D422EAE95900338047 /* HomeApiService.swift */ = {isa = PBXFileReference; lastKnownFileType = sourcecode.swift; path = HomeApiService.swift; sourceTree = "<group>"; };
		410FB37022EB56F000D2FC7E /* JSONDecoderMock.swift */ = {isa = PBXFileReference; lastKnownFileType = sourcecode.swift; path = JSONDecoderMock.swift; sourceTree = "<group>"; };
		4120187522E9D12C00A25656 /* Weather.app */ = {isa = PBXFileReference; explicitFileType = wrapper.application; includeInIndex = 0; path = Weather.app; sourceTree = BUILT_PRODUCTS_DIR; };
		4120187822E9D12C00A25656 /* AppDelegate.swift */ = {isa = PBXFileReference; lastKnownFileType = sourcecode.swift; path = AppDelegate.swift; sourceTree = "<group>"; };
		4120187A22E9D12C00A25656 /* HomeViewController.swift */ = {isa = PBXFileReference; lastKnownFileType = sourcecode.swift; path = HomeViewController.swift; sourceTree = "<group>"; };
		4120187F22E9D12E00A25656 /* Assets.xcassets */ = {isa = PBXFileReference; lastKnownFileType = folder.assetcatalog; path = Assets.xcassets; sourceTree = "<group>"; };
		4120188222E9D12E00A25656 /* Base */ = {isa = PBXFileReference; lastKnownFileType = file.storyboard; name = Base; path = Base.lproj/LaunchScreen.storyboard; sourceTree = "<group>"; };
		4120188422E9D12E00A25656 /* Info.plist */ = {isa = PBXFileReference; lastKnownFileType = text.plist.xml; path = Info.plist; sourceTree = "<group>"; };
		4120188922E9D12F00A25656 /* WeatherTests.xctest */ = {isa = PBXFileReference; explicitFileType = wrapper.cfbundle; includeInIndex = 0; path = WeatherTests.xctest; sourceTree = BUILT_PRODUCTS_DIR; };
		4120188F22E9D12F00A25656 /* Info.plist */ = {isa = PBXFileReference; lastKnownFileType = text.plist.xml; path = Info.plist; sourceTree = "<group>"; };
		4120189422E9D12F00A25656 /* WeatherUITests.xctest */ = {isa = PBXFileReference; explicitFileType = wrapper.cfbundle; includeInIndex = 0; path = WeatherUITests.xctest; sourceTree = BUILT_PRODUCTS_DIR; };
		4120189A22E9D12F00A25656 /* Info.plist */ = {isa = PBXFileReference; lastKnownFileType = text.plist.xml; path = Info.plist; sourceTree = "<group>"; };
		4150F11122EB5DF70003DFD7 /* Bundle+Keypath.swift */ = {isa = PBXFileReference; lastKnownFileType = sourcecode.swift; path = "Bundle+Keypath.swift"; sourceTree = "<group>"; };
		4150F11322EB5F9B0003DFD7 /* ConfigValueVerification.swift */ = {isa = PBXFileReference; lastKnownFileType = sourcecode.swift; path = ConfigValueVerification.swift; sourceTree = "<group>"; };
		4150F11722EBDB730003DFD7 /* HomeEntity.swift */ = {isa = PBXFileReference; lastKnownFileType = sourcecode.swift; path = HomeEntity.swift; sourceTree = "<group>"; };
		4174992022EC121700141875 /* HomePresenterTests.swift */ = {isa = PBXFileReference; lastKnownFileType = sourcecode.swift; path = HomePresenterTests.swift; sourceTree = "<group>"; };
		4174992222EC122500141875 /* HomeRouter.swift */ = {isa = PBXFileReference; lastKnownFileType = sourcecode.swift; path = HomeRouter.swift; sourceTree = "<group>"; };
		4174992422EC265400141875 /* HomeViewTests.swift */ = {isa = PBXFileReference; lastKnownFileType = sourcecode.swift; path = HomeViewTests.swift; sourceTree = "<group>"; };
		4179D5B522EBE48000C5D89E /* HomeApiServiceTests.swift */ = {isa = PBXFileReference; lastKnownFileType = sourcecode.swift; path = HomeApiServiceTests.swift; sourceTree = "<group>"; };
		4179D5B722EBE4B700C5D89E /* SearchApiRequestMock.swift */ = {isa = PBXFileReference; lastKnownFileType = sourcecode.swift; path = SearchApiRequestMock.swift; sourceTree = "<group>"; };
		4179D5B922EBEECC00C5D89E /* HomePersistentStorageService.swift */ = {isa = PBXFileReference; lastKnownFileType = sourcecode.swift; path = HomePersistentStorageService.swift; sourceTree = "<group>"; };
		4179D5BB22EBF11100C5D89E /* HomePersistentStorageServiceTests.swift */ = {isa = PBXFileReference; lastKnownFileType = sourcecode.swift; path = HomePersistentStorageServiceTests.swift; sourceTree = "<group>"; };
		4179D5BD22EBF17000C5D89E /* PersistentStorageManagerMock.swift */ = {isa = PBXFileReference; lastKnownFileType = sourcecode.swift; path = PersistentStorageManagerMock.swift; sourceTree = "<group>"; };
		4179F7DD22EBF97D004A3B85 /* HomePresenter.swift */ = {isa = PBXFileReference; lastKnownFileType = sourcecode.swift; path = HomePresenter.swift; sourceTree = "<group>"; };
		4187B40422E9EEBA003FEB6E /* NetworkManager.swift */ = {isa = PBXFileReference; lastKnownFileType = sourcecode.swift; path = NetworkManager.swift; sourceTree = "<group>"; };
		418CF30922EBFDAE00B4B710 /* HomeInteractorTests.swift */ = {isa = PBXFileReference; fileEncoding = 4; lastKnownFileType = sourcecode.swift; path = HomeInteractorTests.swift; sourceTree = "<group>"; };
		41907C4022EC60A000CEED11 /* WeatherApiRequest.swift */ = {isa = PBXFileReference; lastKnownFileType = sourcecode.swift; path = WeatherApiRequest.swift; sourceTree = "<group>"; };
		41907C4222EC672700CEED11 /* WeatherApiRequestTests.swift */ = {isa = PBXFileReference; lastKnownFileType = sourcecode.swift; path = WeatherApiRequestTests.swift; sourceTree = "<group>"; };
		41907C4822EC695F00CEED11 /* DetailApiService.swift */ = {isa = PBXFileReference; lastKnownFileType = sourcecode.swift; path = DetailApiService.swift; sourceTree = "<group>"; };
		41907C4A22EC696E00CEED11 /* DetailPersistentStorageService.swift */ = {isa = PBXFileReference; lastKnownFileType = sourcecode.swift; path = DetailPersistentStorageService.swift; sourceTree = "<group>"; };
		41907C4C22EC69A000CEED11 /* DetailEntity.swift */ = {isa = PBXFileReference; lastKnownFileType = sourcecode.swift; path = DetailEntity.swift; sourceTree = "<group>"; };
		41907C5022EC6B8E00CEED11 /* DetailApiServiceTests.swift */ = {isa = PBXFileReference; lastKnownFileType = sourcecode.swift; path = DetailApiServiceTests.swift; sourceTree = "<group>"; };
		41907C5222EC6B9E00CEED11 /* DetailPersistentStorageServiceTests.swift */ = {isa = PBXFileReference; lastKnownFileType = sourcecode.swift; path = DetailPersistentStorageServiceTests.swift; sourceTree = "<group>"; };
		41907C5422EC6BBB00CEED11 /* WeatherApiServiceMock.swift */ = {isa = PBXFileReference; lastKnownFileType = sourcecode.swift; path = WeatherApiServiceMock.swift; sourceTree = "<group>"; };
		41907C5622EC6EBA00CEED11 /* DetailInteractor.swift */ = {isa = PBXFileReference; lastKnownFileType = sourcecode.swift; path = DetailInteractor.swift; sourceTree = "<group>"; };
		41907C5822EC6FB300CEED11 /* DetailPresenter.swift */ = {isa = PBXFileReference; lastKnownFileType = sourcecode.swift; path = DetailPresenter.swift; sourceTree = "<group>"; };
		41907C5A22EC706800CEED11 /* DetailInteractorTests.swift */ = {isa = PBXFileReference; lastKnownFileType = sourcecode.swift; path = DetailInteractorTests.swift; sourceTree = "<group>"; };
		41907C5C22EC73B500CEED11 /* DetailViewController.swift */ = {isa = PBXFileReference; lastKnownFileType = sourcecode.swift; path = DetailViewController.swift; sourceTree = "<group>"; };
		41907C5E22EC74DE00CEED11 /* ThumbnailDownloader.swift */ = {isa = PBXFileReference; lastKnownFileType = sourcecode.swift; path = ThumbnailDownloader.swift; sourceTree = "<group>"; };
		41907C6022EC751C00CEED11 /* ThumbnailDownloaderTests.swift */ = {isa = PBXFileReference; lastKnownFileType = sourcecode.swift; path = ThumbnailDownloaderTests.swift; sourceTree = "<group>"; };
		41907C6222EC755300CEED11 /* thumbnailtest.jpg */ = {isa = PBXFileReference; lastKnownFileType = image.jpeg; path = thumbnailtest.jpg; sourceTree = "<group>"; };
		41907C6422EC791B00CEED11 /* ThumbnailDownloaderMock.swift */ = {isa = PBXFileReference; lastKnownFileType = sourcecode.swift; path = ThumbnailDownloaderMock.swift; sourceTree = "<group>"; };
		41907C6622EC7E8B00CEED11 /* DetailPresenterTests.swift */ = {isa = PBXFileReference; lastKnownFileType = sourcecode.swift; path = DetailPresenterTests.swift; sourceTree = "<group>"; };
		41907C6A22EC81F500CEED11 /* DetailViewController.xib */ = {isa = PBXFileReference; lastKnownFileType = file.xib; path = DetailViewController.xib; sourceTree = "<group>"; };
		41907C6C22EC86B900CEED11 /* DetailViewTests.swift */ = {isa = PBXFileReference; lastKnownFileType = sourcecode.swift; path = DetailViewTests.swift; sourceTree = "<group>"; };
		41907C6E22EC880000CEED11 /* DetailRouter.swift */ = {isa = PBXFileReference; lastKnownFileType = sourcecode.swift; path = DetailRouter.swift; sourceTree = "<group>"; };
		41907C7022EC943300CEED11 /* HomeRouterTests.swift */ = {isa = PBXFileReference; lastKnownFileType = sourcecode.swift; path = HomeRouterTests.swift; sourceTree = "<group>"; };
		41907C7222EC948200CEED11 /* UINavigationControllerMock.swift */ = {isa = PBXFileReference; lastKnownFileType = sourcecode.swift; path = UINavigationControllerMock.swift; sourceTree = "<group>"; };
		41907C7422EC948E00CEED11 /* UIViewControllerMock.swift */ = {isa = PBXFileReference; lastKnownFileType = sourcecode.swift; path = UIViewControllerMock.swift; sourceTree = "<group>"; };
		41907C7622ECA11100CEED11 /* CaseTests.swift */ = {isa = PBXFileReference; lastKnownFileType = sourcecode.swift; path = CaseTests.swift; sourceTree = "<group>"; };
		41907C7922ECA35600CEED11 /* StubResponses.plist */ = {isa = PBXFileReference; lastKnownFileType = text.plist.xml; path = StubResponses.plist; sourceTree = "<group>"; };
		41907C7C22ECA41000CEED11 /* Utilities.swift */ = {isa = PBXFileReference; lastKnownFileType = sourcecode.swift; path = Utilities.swift; sourceTree = "<group>"; };
		41A1DA6722ECBF02005FFE16 /* ApiErrors.swift */ = {isa = PBXFileReference; lastKnownFileType = sourcecode.swift; path = ApiErrors.swift; sourceTree = "<group>"; };
		41A1DA6922ECBF67005FFE16 /* Protocols.swift */ = {isa = PBXFileReference; lastKnownFileType = sourcecode.swift; path = Protocols.swift; sourceTree = "<group>"; };
		41DB65E022EB286C007A2F09 /* ApiEndpoints.swift */ = {isa = PBXFileReference; lastKnownFileType = sourcecode.swift; path = ApiEndpoints.swift; sourceTree = "<group>"; };
		41DB65E222EB3429007A2F09 /* Config.plist */ = {isa = PBXFileReference; lastKnownFileType = text.plist.xml; path = Config.plist; sourceTree = "<group>"; };
		41DB65E522EB40C3007A2F09 /* UrlVerification.swift */ = {isa = PBXFileReference; lastKnownFileType = sourcecode.swift; path = UrlVerification.swift; sourceTree = "<group>"; };
		41DB65E722EB4255007A2F09 /* SearchApiRequest.swift */ = {isa = PBXFileReference; lastKnownFileType = sourcecode.swift; path = SearchApiRequest.swift; sourceTree = "<group>"; };
		41DB65EA22EB54BA007A2F09 /* SearchApiRequestTest.swift */ = {isa = PBXFileReference; lastKnownFileType = sourcecode.swift; path = SearchApiRequestTest.swift; sourceTree = "<group>"; };
		41DB65EC22EB550B007A2F09 /* NetworkManagerMock.swift */ = {isa = PBXFileReference; lastKnownFileType = sourcecode.swift; path = NetworkManagerMock.swift; sourceTree = "<group>"; };
/* End PBXFileReference section */

/* Begin PBXFrameworksBuildPhase section */
		4120187222E9D12C00A25656 /* Frameworks */ = {
			isa = PBXFrameworksBuildPhase;
			buildActionMask = 2147483647;
			files = (
			);
			runOnlyForDeploymentPostprocessing = 0;
		};
		4120188622E9D12F00A25656 /* Frameworks */ = {
			isa = PBXFrameworksBuildPhase;
			buildActionMask = 2147483647;
			files = (
			);
			runOnlyForDeploymentPostprocessing = 0;
		};
		4120189122E9D12F00A25656 /* Frameworks */ = {
			isa = PBXFrameworksBuildPhase;
			buildActionMask = 2147483647;
			files = (
			);
			runOnlyForDeploymentPostprocessing = 0;
		};
/* End PBXFrameworksBuildPhase section */

/* Begin PBXGroup section */
		3C6D76BD22EA846C00338047 /* Services */ = {
			isa = PBXGroup;
			children = (
				3C6D76BE22EA847E00338047 /* NetworkManagerTests.swift */,
				3C6D76CB22EAB10D00338047 /* PersistentStorageManagerTests.swift */,
				41DB65EA22EB54BA007A2F09 /* SearchApiRequestTest.swift */,
				41907C4222EC672700CEED11 /* WeatherApiRequestTests.swift */,
				41907C6022EC751C00CEED11 /* ThumbnailDownloaderTests.swift */,
			);
			path = Services;
			sourceTree = "<group>";
		};
		3C6D76C022EA84C000338047 /* CommonMocks */ = {
			isa = PBXGroup;
			children = (
				3C6D76C122EA84D300338047 /* URLSessionMock.swift */,
				3C6D76CD22EAB12E00338047 /* UserDefaultsMock.swift */,
				41DB65EC22EB550B007A2F09 /* NetworkManagerMock.swift */,
				410FB37022EB56F000D2FC7E /* JSONDecoderMock.swift */,
				4179D5B722EBE4B700C5D89E /* SearchApiRequestMock.swift */,
				4179D5BD22EBF17000C5D89E /* PersistentStorageManagerMock.swift */,
				41907C5422EC6BBB00CEED11 /* WeatherApiServiceMock.swift */,
				41907C6422EC791B00CEED11 /* ThumbnailDownloaderMock.swift */,
				41907C7222EC948200CEED11 /* UINavigationControllerMock.swift */,
				41907C7422EC948E00CEED11 /* UIViewControllerMock.swift */,
			);
			path = CommonMocks;
			sourceTree = "<group>";
		};
		3C6D76C322EA857200338047 /* TestDatas */ = {
			isa = PBXGroup;
			children = (
				41907C6222EC755300CEED11 /* thumbnailtest.jpg */,
				3C6D76C722EA86EB00338047 /* StubResponses.plist */,
			);
			path = TestDatas;
			sourceTree = "<group>";
		};
		3C6D76C422EA859900338047 /* Utilities */ = {
			isa = PBXGroup;
			children = (
				3C6D76C522EA85ED00338047 /* Utilities.swift */,
			);
			path = Utilities;
			sourceTree = "<group>";
		};
		3C6D76CF22EAE84700338047 /* Screens */ = {
			isa = PBXGroup;
			children = (
				41907C4422EC690A00CEED11 /* Detail */,
				3C6D76D022EAE84E00338047 /* Home */,
			);
			path = Screens;
			sourceTree = "<group>";
		};
		3C6D76D022EAE84E00338047 /* Home */ = {
			isa = PBXGroup;
			children = (
				3C6D76D322EAE93A00338047 /* Services */,
				3C6D76D122EAE85F00338047 /* HomeInteractor.swift */,
				4150F11722EBDB730003DFD7 /* HomeEntity.swift */,
				4179F7DD22EBF97D004A3B85 /* HomePresenter.swift */,
				4120187A22E9D12C00A25656 /* HomeViewController.swift */,
				4174992222EC122500141875 /* HomeRouter.swift */,
			);
			path = Home;
			sourceTree = "<group>";
		};
		3C6D76D322EAE93A00338047 /* Services */ = {
			isa = PBXGroup;
			children = (
				3C6D76D422EAE95900338047 /* HomeApiService.swift */,
				4179D5B922EBEECC00C5D89E /* HomePersistentStorageService.swift */,
			);
			path = Services;
			sourceTree = "<group>";
		};
		4120186C22E9D12C00A25656 = {
			isa = PBXGroup;
			children = (
				4120187722E9D12C00A25656 /* Weather */,
				4120188C22E9D12F00A25656 /* WeatherTests */,
				4120189722E9D12F00A25656 /* WeatherUITests */,
				4120187622E9D12C00A25656 /* Products */,
			);
			sourceTree = "<group>";
		};
		4120187622E9D12C00A25656 /* Products */ = {
			isa = PBXGroup;
			children = (
				4120187522E9D12C00A25656 /* Weather.app */,
				4120188922E9D12F00A25656 /* WeatherTests.xctest */,
				4120189422E9D12F00A25656 /* WeatherUITests.xctest */,
			);
			name = Products;
			sourceTree = "<group>";
		};
		4120187722E9D12C00A25656 /* Weather */ = {
			isa = PBXGroup;
			children = (
				4150F11022EB5CF50003DFD7 /* Extensions */,
				41DB65DF22EB285A007A2F09 /* Constants */,
				3C6D76CF22EAE84700338047 /* Screens */,
				4187B40322E9EEA1003FEB6E /* Services */,
				4120187822E9D12C00A25656 /* AppDelegate.swift */,
				4120187F22E9D12E00A25656 /* Assets.xcassets */,
				4120188122E9D12E00A25656 /* LaunchScreen.storyboard */,
				4120188422E9D12E00A25656 /* Info.plist */,
				41DB65E222EB3429007A2F09 /* Config.plist */,
				41907C7E22ECAFA900CEED11 /* UITest */,
			);
			path = Weather;
			sourceTree = "<group>";
		};
		4120188C22E9D12F00A25656 /* WeatherTests */ = {
			isa = PBXGroup;
			children = (
				4179D5B222EBE43700C5D89E /* Screens */,
				41DB65E422EB40B5007A2F09 /* Verification */,
				3C6D76C422EA859900338047 /* Utilities */,
				3C6D76C322EA857200338047 /* TestDatas */,
				3C6D76C022EA84C000338047 /* CommonMocks */,
				3C6D76BD22EA846C00338047 /* Services */,
				4120188F22E9D12F00A25656 /* Info.plist */,
			);
			path = WeatherTests;
			sourceTree = "<group>";
		};
		4120189722E9D12F00A25656 /* WeatherUITests */ = {
			isa = PBXGroup;
			children = (
				4120189A22E9D12F00A25656 /* Info.plist */,
				41907C7622ECA11100CEED11 /* CaseTests.swift */,
			);
			path = WeatherUITests;
			sourceTree = "<group>";
		};
		4150F11022EB5CF50003DFD7 /* Extensions */ = {
			isa = PBXGroup;
			children = (
				4150F11122EB5DF70003DFD7 /* Bundle+Keypath.swift */,
			);
			path = Extensions;
			sourceTree = "<group>";
		};
		4179D5B222EBE43700C5D89E /* Screens */ = {
			isa = PBXGroup;
			children = (
				41907C4E22EC6B4000CEED11 /* Detail */,
				4179D5B322EBE44000C5D89E /* Home */,
			);
			path = Screens;
			sourceTree = "<group>";
		};
		4179D5B322EBE44000C5D89E /* Home */ = {
			isa = PBXGroup;
			children = (
				4179D5B422EBE44400C5D89E /* Services */,
				418CF30922EBFDAE00B4B710 /* HomeInteractorTests.swift */,
				4174992022EC121700141875 /* HomePresenterTests.swift */,
				4174992422EC265400141875 /* HomeViewTests.swift */,
				41907C7022EC943300CEED11 /* HomeRouterTests.swift */,
			);
			path = Home;
			sourceTree = "<group>";
		};
		4179D5B422EBE44400C5D89E /* Services */ = {
			isa = PBXGroup;
			children = (
				4179D5B522EBE48000C5D89E /* HomeApiServiceTests.swift */,
				4179D5BB22EBF11100C5D89E /* HomePersistentStorageServiceTests.swift */,
			);
			path = Services;
			sourceTree = "<group>";
		};
		4187B40322E9EEA1003FEB6E /* Services */ = {
			isa = PBXGroup;
			children = (
				4187B40422E9EEBA003FEB6E /* NetworkManager.swift */,
				3C6D76C922EAA62800338047 /* PersistentStorageManager.swift */,
				41DB65E722EB4255007A2F09 /* SearchApiRequest.swift */,
				41907C4022EC60A000CEED11 /* WeatherApiRequest.swift */,
				41907C5E22EC74DE00CEED11 /* ThumbnailDownloader.swift */,
				41A1DA6922ECBF67005FFE16 /* Protocols.swift */,
			);
			path = Services;
			sourceTree = "<group>";
		};
		41907C4422EC690A00CEED11 /* Detail */ = {
			isa = PBXGroup;
			children = (
				41907C4722EC695200CEED11 /* Services */,
				41907C4C22EC69A000CEED11 /* DetailEntity.swift */,
				41907C5622EC6EBA00CEED11 /* DetailInteractor.swift */,
				41907C5822EC6FB300CEED11 /* DetailPresenter.swift */,
				41907C5C22EC73B500CEED11 /* DetailViewController.swift */,
				41907C6A22EC81F500CEED11 /* DetailViewController.xib */,
				41907C6E22EC880000CEED11 /* DetailRouter.swift */,
			);
			path = Detail;
			sourceTree = "<group>";
		};
		41907C4722EC695200CEED11 /* Services */ = {
			isa = PBXGroup;
			children = (
				41907C4822EC695F00CEED11 /* DetailApiService.swift */,
				41907C4A22EC696E00CEED11 /* DetailPersistentStorageService.swift */,
			);
			path = Services;
			sourceTree = "<group>";
		};
		41907C4E22EC6B4000CEED11 /* Detail */ = {
			isa = PBXGroup;
			children = (
				41907C4F22EC6B4400CEED11 /* Services */,
				41907C5A22EC706800CEED11 /* DetailInteractorTests.swift */,
				41907C6622EC7E8B00CEED11 /* DetailPresenterTests.swift */,
				41907C6C22EC86B900CEED11 /* DetailViewTests.swift */,
			);
			path = Detail;
			sourceTree = "<group>";
		};
		41907C4F22EC6B4400CEED11 /* Services */ = {
			isa = PBXGroup;
			children = (
				41907C5022EC6B8E00CEED11 /* DetailApiServiceTests.swift */,
				41907C5222EC6B9E00CEED11 /* DetailPersistentStorageServiceTests.swift */,
			);
			path = Services;
			sourceTree = "<group>";
		};
		41907C7E22ECAFA900CEED11 /* UITest */ = {
			isa = PBXGroup;
			children = (
				41907C7922ECA35600CEED11 /* StubResponses.plist */,
				41907C7C22ECA41000CEED11 /* Utilities.swift */,
			);
			path = UITest;
			sourceTree = "<group>";
		};
		41DB65DF22EB285A007A2F09 /* Constants */ = {
			isa = PBXGroup;
			children = (
				41DB65E022EB286C007A2F09 /* ApiEndpoints.swift */,
				41A1DA6722ECBF02005FFE16 /* ApiErrors.swift */,
			);
			path = Constants;
			sourceTree = "<group>";
		};
		41DB65E422EB40B5007A2F09 /* Verification */ = {
			isa = PBXGroup;
			children = (
				41DB65E522EB40C3007A2F09 /* UrlVerification.swift */,
				4150F11322EB5F9B0003DFD7 /* ConfigValueVerification.swift */,
			);
			path = Verification;
			sourceTree = "<group>";
		};
/* End PBXGroup section */

/* Begin PBXNativeTarget section */
		4120187422E9D12C00A25656 /* Weather */ = {
			isa = PBXNativeTarget;
			buildConfigurationList = 4120189D22E9D12F00A25656 /* Build configuration list for PBXNativeTarget "Weather" */;
			buildPhases = (
				4120187122E9D12C00A25656 /* Sources */,
				4120187222E9D12C00A25656 /* Frameworks */,
				4120187322E9D12C00A25656 /* Resources */,
			);
			buildRules = (
			);
			dependencies = (
			);
			name = Weather;
			productName = Weather;
			productReference = 4120187522E9D12C00A25656 /* Weather.app */;
			productType = "com.apple.product-type.application";
		};
		4120188822E9D12F00A25656 /* WeatherTests */ = {
			isa = PBXNativeTarget;
			buildConfigurationList = 412018A022E9D12F00A25656 /* Build configuration list for PBXNativeTarget "WeatherTests" */;
			buildPhases = (
				4120188522E9D12F00A25656 /* Sources */,
				4120188622E9D12F00A25656 /* Frameworks */,
				4120188722E9D12F00A25656 /* Resources */,
			);
			buildRules = (
			);
			dependencies = (
				4120188B22E9D12F00A25656 /* PBXTargetDependency */,
			);
			name = WeatherTests;
			productName = WeatherTests;
			productReference = 4120188922E9D12F00A25656 /* WeatherTests.xctest */;
			productType = "com.apple.product-type.bundle.unit-test";
		};
		4120189322E9D12F00A25656 /* WeatherUITests */ = {
			isa = PBXNativeTarget;
			buildConfigurationList = 412018A322E9D12F00A25656 /* Build configuration list for PBXNativeTarget "WeatherUITests" */;
			buildPhases = (
				4120189022E9D12F00A25656 /* Sources */,
				4120189122E9D12F00A25656 /* Frameworks */,
				4120189222E9D12F00A25656 /* Resources */,
			);
			buildRules = (
			);
			dependencies = (
				4120189622E9D12F00A25656 /* PBXTargetDependency */,
			);
			name = WeatherUITests;
			productName = WeatherUITests;
			productReference = 4120189422E9D12F00A25656 /* WeatherUITests.xctest */;
			productType = "com.apple.product-type.bundle.ui-testing";
		};
/* End PBXNativeTarget section */

/* Begin PBXProject section */
		4120186D22E9D12C00A25656 /* Project object */ = {
			isa = PBXProject;
			attributes = {
				LastSwiftUpdateCheck = 1020;
				LastUpgradeCheck = 1020;
				ORGANIZATIONNAME = Jin;
				TargetAttributes = {
					4120187422E9D12C00A25656 = {
						CreatedOnToolsVersion = 10.2.1;
					};
					4120188822E9D12F00A25656 = {
						CreatedOnToolsVersion = 10.2.1;
						LastSwiftMigration = 1020;
						TestTargetID = 4120187422E9D12C00A25656;
					};
					4120189322E9D12F00A25656 = {
						CreatedOnToolsVersion = 10.2.1;
						LastSwiftMigration = 1020;
						TestTargetID = 4120187422E9D12C00A25656;
					};
				};
			};
			buildConfigurationList = 4120187022E9D12C00A25656 /* Build configuration list for PBXProject "Weather" */;
			compatibilityVersion = "Xcode 9.3";
			developmentRegion = en;
			hasScannedForEncodings = 0;
			knownRegions = (
				en,
				Base,
			);
			mainGroup = 4120186C22E9D12C00A25656;
			productRefGroup = 4120187622E9D12C00A25656 /* Products */;
			projectDirPath = "";
			projectRoot = "";
			targets = (
				4120187422E9D12C00A25656 /* Weather */,
				4120188822E9D12F00A25656 /* WeatherTests */,
				4120189322E9D12F00A25656 /* WeatherUITests */,
			);
		};
/* End PBXProject section */

/* Begin PBXResourcesBuildPhase section */
		4120187322E9D12C00A25656 /* Resources */ = {
			isa = PBXResourcesBuildPhase;
			buildActionMask = 2147483647;
			files = (
				4120188322E9D12E00A25656 /* LaunchScreen.storyboard in Resources */,
				41DB65E322EB3429007A2F09 /* Config.plist in Resources */,
				4120188022E9D12E00A25656 /* Assets.xcassets in Resources */,
				41907C6B22EC81F500CEED11 /* DetailViewController.xib in Resources */,
				41907C8022ECAFD300CEED11 /* StubResponses.plist in Resources */,
			);
			runOnlyForDeploymentPostprocessing = 0;
		};
		4120188722E9D12F00A25656 /* Resources */ = {
			isa = PBXResourcesBuildPhase;
			buildActionMask = 2147483647;
			files = (
				41907C6322EC755300CEED11 /* thumbnailtest.jpg in Resources */,
				3C6D76C822EA86EB00338047 /* StubResponses.plist in Resources */,
			);
			runOnlyForDeploymentPostprocessing = 0;
		};
		4120189222E9D12F00A25656 /* Resources */ = {
			isa = PBXResourcesBuildPhase;
			buildActionMask = 2147483647;
			files = (
			);
			runOnlyForDeploymentPostprocessing = 0;
		};
/* End PBXResourcesBuildPhase section */

/* Begin PBXSourcesBuildPhase section */
		4120187122E9D12C00A25656 /* Sources */ = {
			isa = PBXSourcesBuildPhase;
			buildActionMask = 2147483647;
			files = (
				4187B40522E9EEBA003FEB6E /* NetworkManager.swift in Sources */,
				41907C6F22EC880000CEED11 /* DetailRouter.swift in Sources */,
				41907C4922EC695F00CEED11 /* DetailApiService.swift in Sources */,
				3C6D76D522EAE95900338047 /* HomeApiService.swift in Sources */,
				41907C5722EC6EBA00CEED11 /* DetailInteractor.swift in Sources */,
				41A1DA6A22ECBF67005FFE16 /* Protocols.swift in Sources */,
				41DB65E822EB4255007A2F09 /* SearchApiRequest.swift in Sources */,
				4179F7DE22EBF97D004A3B85 /* HomePresenter.swift in Sources */,
				4150F11822EBDB730003DFD7 /* HomeEntity.swift in Sources */,
				41907C5D22EC73B500CEED11 /* DetailViewController.swift in Sources */,
				4150F11222EB5DF70003DFD7 /* Bundle+Keypath.swift in Sources */,
				4174992322EC122500141875 /* HomeRouter.swift in Sources */,
				41DB65E122EB286C007A2F09 /* ApiEndpoints.swift in Sources */,
				41907C7F22ECAFCF00CEED11 /* Utilities.swift in Sources */,
				41907C5922EC6FB300CEED11 /* DetailPresenter.swift in Sources */,
				41907C4B22EC696E00CEED11 /* DetailPersistentStorageService.swift in Sources */,
				4179D5BA22EBEECC00C5D89E /* HomePersistentStorageService.swift in Sources */,
				41907C4122EC60A000CEED11 /* WeatherApiRequest.swift in Sources */,
				41A1DA6822ECBF02005FFE16 /* ApiErrors.swift in Sources */,
				41907C5F22EC74DE00CEED11 /* ThumbnailDownloader.swift in Sources */,
				4120187B22E9D12C00A25656 /* HomeViewController.swift in Sources */,
				3C6D76CA22EAA62800338047 /* PersistentStorageManager.swift in Sources */,
				41907C4D22EC69A000CEED11 /* DetailEntity.swift in Sources */,
				3C6D76D222EAE85F00338047 /* HomeInteractor.swift in Sources */,
				4120187922E9D12C00A25656 /* AppDelegate.swift in Sources */,
			);
			runOnlyForDeploymentPostprocessing = 0;
		};
		4120188522E9D12F00A25656 /* Sources */ = {
			isa = PBXSourcesBuildPhase;
			buildActionMask = 2147483647;
			files = (
				4179D5BC22EBF11100C5D89E /* HomePersistentStorageServiceTests.swift in Sources */,
				41907C4322EC672700CEED11 /* WeatherApiRequestTests.swift in Sources */,
				3C6D76CE22EAB12E00338047 /* UserDefaultsMock.swift in Sources */,
				41907C6722EC7E8B00CEED11 /* DetailPresenterTests.swift in Sources */,
				3C6D76C622EA85ED00338047 /* Utilities.swift in Sources */,
				4150F11422EB5F9B0003DFD7 /* ConfigValueVerification.swift in Sources */,
				41907C7322EC948200CEED11 /* UINavigationControllerMock.swift in Sources */,
				41907C6122EC751C00CEED11 /* ThumbnailDownloaderTests.swift in Sources */,
				41DB65ED22EB550B007A2F09 /* NetworkManagerMock.swift in Sources */,
				41907C7522EC948E00CEED11 /* UIViewControllerMock.swift in Sources */,
				4174992522EC265400141875 /* HomeViewTests.swift in Sources */,
				41907C6D22EC86B900CEED11 /* DetailViewTests.swift in Sources */,
				410FB37122EB56F000D2FC7E /* JSONDecoderMock.swift in Sources */,
				41DB65E622EB40C3007A2F09 /* UrlVerification.swift in Sources */,
				41907C5322EC6B9E00CEED11 /* DetailPersistentStorageServiceTests.swift in Sources */,
				4174992122EC121700141875 /* HomePresenterTests.swift in Sources */,
				41907C5B22EC706800CEED11 /* DetailInteractorTests.swift in Sources */,
				41907C6522EC791B00CEED11 /* ThumbnailDownloaderMock.swift in Sources */,
				41DB65EB22EB54BA007A2F09 /* SearchApiRequestTest.swift in Sources */,
				3C6D76C222EA84D300338047 /* URLSessionMock.swift in Sources */,
				4179D5B822EBE4B700C5D89E /* SearchApiRequestMock.swift in Sources */,
				41907C7122EC943300CEED11 /* HomeRouterTests.swift in Sources */,
				418CF30A22EBFDAE00B4B710 /* HomeInteractorTests.swift in Sources */,
				3C6D76CC22EAB10D00338047 /* PersistentStorageManagerTests.swift in Sources */,
				41907C5522EC6BBB00CEED11 /* WeatherApiServiceMock.swift in Sources */,
				3C6D76BF22EA847E00338047 /* NetworkManagerTests.swift in Sources */,
				41907C5122EC6B8E00CEED11 /* DetailApiServiceTests.swift in Sources */,
				4179D5BE22EBF17000C5D89E /* PersistentStorageManagerMock.swift in Sources */,
				4179D5B622EBE48000C5D89E /* HomeApiServiceTests.swift in Sources */,
			);
			runOnlyForDeploymentPostprocessing = 0;
		};
		4120189022E9D12F00A25656 /* Sources */ = {
			isa = PBXSourcesBuildPhase;
			buildActionMask = 2147483647;
			files = (
				41907C7722ECA11100CEED11 /* CaseTests.swift in Sources */,
			);
			runOnlyForDeploymentPostprocessing = 0;
		};
/* End PBXSourcesBuildPhase section */

/* Begin PBXTargetDependency section */
		4120188B22E9D12F00A25656 /* PBXTargetDependency */ = {
			isa = PBXTargetDependency;
			target = 4120187422E9D12C00A25656 /* Weather */;
			targetProxy = 4120188A22E9D12F00A25656 /* PBXContainerItemProxy */;
		};
		4120189622E9D12F00A25656 /* PBXTargetDependency */ = {
			isa = PBXTargetDependency;
			target = 4120187422E9D12C00A25656 /* Weather */;
			targetProxy = 4120189522E9D12F00A25656 /* PBXContainerItemProxy */;
		};
/* End PBXTargetDependency section */

/* Begin PBXVariantGroup section */
		4120188122E9D12E00A25656 /* LaunchScreen.storyboard */ = {
			isa = PBXVariantGroup;
			children = (
				4120188222E9D12E00A25656 /* Base */,
			);
			name = LaunchScreen.storyboard;
			sourceTree = "<group>";
		};
/* End PBXVariantGroup section */

/* Begin XCBuildConfiguration section */
		4120189B22E9D12F00A25656 /* Debug */ = {
			isa = XCBuildConfiguration;
			buildSettings = {
				ALWAYS_SEARCH_USER_PATHS = NO;
				CLANG_ANALYZER_NONNULL = YES;
				CLANG_ANALYZER_NUMBER_OBJECT_CONVERSION = YES_AGGRESSIVE;
				CLANG_CXX_LANGUAGE_STANDARD = "gnu++14";
				CLANG_CXX_LIBRARY = "libc++";
				CLANG_ENABLE_MODULES = YES;
				CLANG_ENABLE_OBJC_ARC = YES;
				CLANG_ENABLE_OBJC_WEAK = YES;
				CLANG_WARN_BLOCK_CAPTURE_AUTORELEASING = YES;
				CLANG_WARN_BOOL_CONVERSION = YES;
				CLANG_WARN_COMMA = YES;
				CLANG_WARN_CONSTANT_CONVERSION = YES;
				CLANG_WARN_DEPRECATED_OBJC_IMPLEMENTATIONS = YES;
				CLANG_WARN_DIRECT_OBJC_ISA_USAGE = YES_ERROR;
				CLANG_WARN_DOCUMENTATION_COMMENTS = YES;
				CLANG_WARN_EMPTY_BODY = YES;
				CLANG_WARN_ENUM_CONVERSION = YES;
				CLANG_WARN_INFINITE_RECURSION = YES;
				CLANG_WARN_INT_CONVERSION = YES;
				CLANG_WARN_NON_LITERAL_NULL_CONVERSION = YES;
				CLANG_WARN_OBJC_IMPLICIT_RETAIN_SELF = YES;
				CLANG_WARN_OBJC_LITERAL_CONVERSION = YES;
				CLANG_WARN_OBJC_ROOT_CLASS = YES_ERROR;
				CLANG_WARN_RANGE_LOOP_ANALYSIS = YES;
				CLANG_WARN_STRICT_PROTOTYPES = YES;
				CLANG_WARN_SUSPICIOUS_MOVE = YES;
				CLANG_WARN_UNGUARDED_AVAILABILITY = YES_AGGRESSIVE;
				CLANG_WARN_UNREACHABLE_CODE = YES;
				CLANG_WARN__DUPLICATE_METHOD_MATCH = YES;
				CODE_SIGN_IDENTITY = "iPhone Developer";
				COPY_PHASE_STRIP = NO;
				DEBUG_INFORMATION_FORMAT = dwarf;
				ENABLE_STRICT_OBJC_MSGSEND = YES;
				ENABLE_TESTABILITY = YES;
				GCC_C_LANGUAGE_STANDARD = gnu11;
				GCC_DYNAMIC_NO_PIC = NO;
				GCC_NO_COMMON_BLOCKS = YES;
				GCC_OPTIMIZATION_LEVEL = 0;
				GCC_PREPROCESSOR_DEFINITIONS = (
					"DEBUG=1",
					"$(inherited)",
				);
				GCC_WARN_64_TO_32_BIT_CONVERSION = YES;
				GCC_WARN_ABOUT_RETURN_TYPE = YES_ERROR;
				GCC_WARN_UNDECLARED_SELECTOR = YES;
				GCC_WARN_UNINITIALIZED_AUTOS = YES_AGGRESSIVE;
				GCC_WARN_UNUSED_FUNCTION = YES;
				GCC_WARN_UNUSED_VARIABLE = YES;
				IPHONEOS_DEPLOYMENT_TARGET = 12.2;
				MTL_ENABLE_DEBUG_INFO = INCLUDE_SOURCE;
				MTL_FAST_MATH = YES;
				ONLY_ACTIVE_ARCH = YES;
				SDKROOT = iphoneos;
				SWIFT_ACTIVE_COMPILATION_CONDITIONS = DEBUG;
				SWIFT_OPTIMIZATION_LEVEL = "-Onone";
			};
			name = Debug;
		};
		4120189C22E9D12F00A25656 /* Release */ = {
			isa = XCBuildConfiguration;
			buildSettings = {
				ALWAYS_SEARCH_USER_PATHS = NO;
				CLANG_ANALYZER_NONNULL = YES;
				CLANG_ANALYZER_NUMBER_OBJECT_CONVERSION = YES_AGGRESSIVE;
				CLANG_CXX_LANGUAGE_STANDARD = "gnu++14";
				CLANG_CXX_LIBRARY = "libc++";
				CLANG_ENABLE_MODULES = YES;
				CLANG_ENABLE_OBJC_ARC = YES;
				CLANG_ENABLE_OBJC_WEAK = YES;
				CLANG_WARN_BLOCK_CAPTURE_AUTORELEASING = YES;
				CLANG_WARN_BOOL_CONVERSION = YES;
				CLANG_WARN_COMMA = YES;
				CLANG_WARN_CONSTANT_CONVERSION = YES;
				CLANG_WARN_DEPRECATED_OBJC_IMPLEMENTATIONS = YES;
				CLANG_WARN_DIRECT_OBJC_ISA_USAGE = YES_ERROR;
				CLANG_WARN_DOCUMENTATION_COMMENTS = YES;
				CLANG_WARN_EMPTY_BODY = YES;
				CLANG_WARN_ENUM_CONVERSION = YES;
				CLANG_WARN_INFINITE_RECURSION = YES;
				CLANG_WARN_INT_CONVERSION = YES;
				CLANG_WARN_NON_LITERAL_NULL_CONVERSION = YES;
				CLANG_WARN_OBJC_IMPLICIT_RETAIN_SELF = YES;
				CLANG_WARN_OBJC_LITERAL_CONVERSION = YES;
				CLANG_WARN_OBJC_ROOT_CLASS = YES_ERROR;
				CLANG_WARN_RANGE_LOOP_ANALYSIS = YES;
				CLANG_WARN_STRICT_PROTOTYPES = YES;
				CLANG_WARN_SUSPICIOUS_MOVE = YES;
				CLANG_WARN_UNGUARDED_AVAILABILITY = YES_AGGRESSIVE;
				CLANG_WARN_UNREACHABLE_CODE = YES;
				CLANG_WARN__DUPLICATE_METHOD_MATCH = YES;
				CODE_SIGN_IDENTITY = "iPhone Developer";
				COPY_PHASE_STRIP = NO;
				DEBUG_INFORMATION_FORMAT = "dwarf-with-dsym";
				ENABLE_NS_ASSERTIONS = NO;
				ENABLE_STRICT_OBJC_MSGSEND = YES;
				GCC_C_LANGUAGE_STANDARD = gnu11;
				GCC_NO_COMMON_BLOCKS = YES;
				GCC_WARN_64_TO_32_BIT_CONVERSION = YES;
				GCC_WARN_ABOUT_RETURN_TYPE = YES_ERROR;
				GCC_WARN_UNDECLARED_SELECTOR = YES;
				GCC_WARN_UNINITIALIZED_AUTOS = YES_AGGRESSIVE;
				GCC_WARN_UNUSED_FUNCTION = YES;
				GCC_WARN_UNUSED_VARIABLE = YES;
				IPHONEOS_DEPLOYMENT_TARGET = 12.2;
				MTL_ENABLE_DEBUG_INFO = NO;
				MTL_FAST_MATH = YES;
				SDKROOT = iphoneos;
				SWIFT_COMPILATION_MODE = wholemodule;
				SWIFT_OPTIMIZATION_LEVEL = "-O";
				VALIDATE_PRODUCT = YES;
			};
			name = Release;
		};
		4120189E22E9D12F00A25656 /* Debug */ = {
			isa = XCBuildConfiguration;
			buildSettings = {
				ASSETCATALOG_COMPILER_APPICON_NAME = AppIcon;
				CODE_SIGN_STYLE = Automatic;
				DEVELOPMENT_TEAM = H9YB6MT44B;
				INFOPLIST_FILE = Weather/Info.plist;
				LD_RUNPATH_SEARCH_PATHS = (
					"$(inherited)",
					"@executable_path/Frameworks",
				);
				PRODUCT_BUNDLE_IDENTIFIER = com.mycompany.Weather;
				PRODUCT_NAME = "$(TARGET_NAME)";
				SWIFT_VERSION = 5.0;
				TARGETED_DEVICE_FAMILY = "1,2";
			};
			name = Debug;
		};
		4120189F22E9D12F00A25656 /* Release */ = {
			isa = XCBuildConfiguration;
			buildSettings = {
				ASSETCATALOG_COMPILER_APPICON_NAME = AppIcon;
				CODE_SIGN_STYLE = Automatic;
				DEVELOPMENT_TEAM = H9YB6MT44B;
				INFOPLIST_FILE = Weather/Info.plist;
				LD_RUNPATH_SEARCH_PATHS = (
					"$(inherited)",
					"@executable_path/Frameworks",
				);
				PRODUCT_BUNDLE_IDENTIFIER = com.mycompany.Weather;
				PRODUCT_NAME = "$(TARGET_NAME)";
				SWIFT_VERSION = 5.0;
				TARGETED_DEVICE_FAMILY = "1,2";
			};
			name = Release;
		};
		412018A122E9D12F00A25656 /* Debug */ = {
			isa = XCBuildConfiguration;
			buildSettings = {
				ALWAYS_EMBED_SWIFT_STANDARD_LIBRARIES = YES;
				BUNDLE_LOADER = "$(TEST_HOST)";
				CLANG_ENABLE_MODULES = YES;
				CODE_SIGN_STYLE = Automatic;
				DEVELOPMENT_TEAM = H9YB6MT44B;
				INFOPLIST_FILE = WeatherTests/Info.plist;
				LD_RUNPATH_SEARCH_PATHS = (
					"$(inherited)",
					"@executable_path/Frameworks",
					"@loader_path/Frameworks",
				);
				PRODUCT_BUNDLE_IDENTIFIER = com.mycompany.WeatherTests;
				PRODUCT_NAME = "$(TARGET_NAME)";
				SWIFT_OPTIMIZATION_LEVEL = "-Onone";
				SWIFT_VERSION = 5.0;
				TARGETED_DEVICE_FAMILY = "1,2";
				TEST_HOST = "$(BUILT_PRODUCTS_DIR)/Weather.app/Weather";
			};
			name = Debug;
		};
		412018A222E9D12F00A25656 /* Release */ = {
			isa = XCBuildConfiguration;
			buildSettings = {
				ALWAYS_EMBED_SWIFT_STANDARD_LIBRARIES = YES;
				BUNDLE_LOADER = "$(TEST_HOST)";
				CLANG_ENABLE_MODULES = YES;
				CODE_SIGN_STYLE = Automatic;
				DEVELOPMENT_TEAM = H9YB6MT44B;
				INFOPLIST_FILE = WeatherTests/Info.plist;
				LD_RUNPATH_SEARCH_PATHS = (
					"$(inherited)",
					"@executable_path/Frameworks",
					"@loader_path/Frameworks",
				);
				PRODUCT_BUNDLE_IDENTIFIER = com.mycompany.WeatherTests;
				PRODUCT_NAME = "$(TARGET_NAME)";
				SWIFT_VERSION = 5.0;
				TARGETED_DEVICE_FAMILY = "1,2";
				TEST_HOST = "$(BUILT_PRODUCTS_DIR)/Weather.app/Weather";
			};
			name = Release;
		};
		412018A422E9D12F00A25656 /* Debug */ = {
			isa = XCBuildConfiguration;
			buildSettings = {
				ALWAYS_EMBED_SWIFT_STANDARD_LIBRARIES = YES;
				CLANG_ENABLE_MODULES = YES;
				CODE_SIGN_STYLE = Automatic;
				DEVELOPMENT_TEAM = H9YB6MT44B;
				INFOPLIST_FILE = WeatherUITests/Info.plist;
				LD_RUNPATH_SEARCH_PATHS = (
					"$(inherited)",
					"@executable_path/Frameworks",
					"@loader_path/Frameworks",
				);
				PRODUCT_BUNDLE_IDENTIFIER = com.mycompany.WeatherUITests;
				PRODUCT_NAME = "$(TARGET_NAME)";
				SWIFT_OPTIMIZATION_LEVEL = "-Onone";
				SWIFT_VERSION = 5.0;
				TARGETED_DEVICE_FAMILY = "1,2";
				TEST_TARGET_NAME = Weather;
			};
			name = Debug;
		};
		412018A522E9D12F00A25656 /* Release */ = {
			isa = XCBuildConfiguration;
			buildSettings = {
				ALWAYS_EMBED_SWIFT_STANDARD_LIBRARIES = YES;
				CLANG_ENABLE_MODULES = YES;
				CODE_SIGN_STYLE = Automatic;
				DEVELOPMENT_TEAM = H9YB6MT44B;
				INFOPLIST_FILE = WeatherUITests/Info.plist;
				LD_RUNPATH_SEARCH_PATHS = (
					"$(inherited)",
					"@executable_path/Frameworks",
					"@loader_path/Frameworks",
				);
				PRODUCT_BUNDLE_IDENTIFIER = com.mycompany.WeatherUITests;
				PRODUCT_NAME = "$(TARGET_NAME)";
				SWIFT_VERSION = 5.0;
				TARGETED_DEVICE_FAMILY = "1,2";
				TEST_TARGET_NAME = Weather;
			};
			name = Release;
		};
/* End XCBuildConfiguration section */

/* Begin XCConfigurationList section */
		4120187022E9D12C00A25656 /* Build configuration list for PBXProject "Weather" */ = {
			isa = XCConfigurationList;
			buildConfigurations = (
				4120189B22E9D12F00A25656 /* Debug */,
				4120189C22E9D12F00A25656 /* Release */,
			);
			defaultConfigurationIsVisible = 0;
			defaultConfigurationName = Release;
		};
		4120189D22E9D12F00A25656 /* Build configuration list for PBXNativeTarget "Weather" */ = {
			isa = XCConfigurationList;
			buildConfigurations = (
				4120189E22E9D12F00A25656 /* Debug */,
				4120189F22E9D12F00A25656 /* Release */,
			);
			defaultConfigurationIsVisible = 0;
			defaultConfigurationName = Release;
		};
		412018A022E9D12F00A25656 /* Build configuration list for PBXNativeTarget "WeatherTests" */ = {
			isa = XCConfigurationList;
			buildConfigurations = (
				412018A122E9D12F00A25656 /* Debug */,
				412018A222E9D12F00A25656 /* Release */,
			);
			defaultConfigurationIsVisible = 0;
			defaultConfigurationName = Release;
		};
		412018A322E9D12F00A25656 /* Build configuration list for PBXNativeTarget "WeatherUITests" */ = {
			isa = XCConfigurationList;
			buildConfigurations = (
				412018A422E9D12F00A25656 /* Debug */,
				412018A522E9D12F00A25656 /* Release */,
			);
			defaultConfigurationIsVisible = 0;
			defaultConfigurationName = Release;
		};
/* End XCConfigurationList section */
	};
	rootObject = 4120186D22E9D12C00A25656 /* Project object */;
}
